// !$*UTF8*$!
{
	archiveVersion = 1;
	classes = {
	};
	objectVersion = 46;
	objects = {

/* Begin PBXBuildFile section */
		7108A8CC162F226100A4F174 /* Result_face_mask_vertical.png in Resources */ = {isa = PBXBuildFile; fileRef = 7108A8CB162F226100A4F174 /* Result_face_mask_vertical.png */; };
		7108A8DE162F2FB600A4F174 /* Naked_banana_dance1.mov in Resources */ = {isa = PBXBuildFile; fileRef = 7108A8DD162F2FB600A4F174 /* Naked_banana_dance1.mov */; };
		7122514A15D571E60036C13B /* QuartzCore.framework in Frameworks */ = {isa = PBXBuildFile; fileRef = 7122514915D571E60036C13B /* QuartzCore.framework */; };
		7162B8B315B8674F00D79546 /* UIKit.framework in Frameworks */ = {isa = PBXBuildFile; fileRef = 7162B8B215B8674F00D79546 /* UIKit.framework */; };
		7162B8B515B8674F00D79546 /* Foundation.framework in Frameworks */ = {isa = PBXBuildFile; fileRef = 7162B8B415B8674F00D79546 /* Foundation.framework */; };
		7162B8B715B8674F00D79546 /* CoreGraphics.framework in Frameworks */ = {isa = PBXBuildFile; fileRef = 7162B8B615B8674F00D79546 /* CoreGraphics.framework */; };
		7162B8BD15B8674F00D79546 /* InfoPlist.strings in Resources */ = {isa = PBXBuildFile; fileRef = 7162B8BB15B8674F00D79546 /* InfoPlist.strings */; };
		7162B8BF15B8674F00D79546 /* main.m in Sources */ = {isa = PBXBuildFile; fileRef = 7162B8BE15B8674F00D79546 /* main.m */; };
		7162B8C315B8674F00D79546 /* AppDelegate.m in Sources */ = {isa = PBXBuildFile; fileRef = 7162B8C215B8674F00D79546 /* AppDelegate.m */; };
		7162B8CA15B8677F00D79546 /* Default.png in Resources */ = {isa = PBXBuildFile; fileRef = 7162B8C915B8677F00D79546 /* Default.png */; };
		7162B8CC15B8678400D79546 /* Default@2x.png in Resources */ = {isa = PBXBuildFile; fileRef = 7162B8CB15B8678400D79546 /* Default@2x.png */; };
		7162B8CE15B867DB00D79546 /* 57.png in Resources */ = {isa = PBXBuildFile; fileRef = 7162B8CD15B867DB00D79546 /* 57.png */; };
		7162B8D015B867E000D79546 /* 114.png in Resources */ = {isa = PBXBuildFile; fileRef = 7162B8CF15B867E000D79546 /* 114.png */; };
		7162B8D215B8681800D79546 /* Storyboard.storyboard in Resources */ = {isa = PBXBuildFile; fileRef = 7162B8D115B8681800D79546 /* Storyboard.storyboard */; };
		7162B8E915B8725F00D79546 /* banana2.png in Resources */ = {isa = PBXBuildFile; fileRef = 7162B8DC15B8725F00D79546 /* banana2.png */; };
		7162B8EA15B8725F00D79546 /* banana3.png in Resources */ = {isa = PBXBuildFile; fileRef = 7162B8DD15B8725F00D79546 /* banana3.png */; };
		7162B8EB15B8725F00D79546 /* Footer_standart.png in Resources */ = {isa = PBXBuildFile; fileRef = 7162B8DE15B8725F00D79546 /* Footer_standart.png */; };
		7162B8EC15B8725F00D79546 /* Menu_BackGround.png in Resources */ = {isa = PBXBuildFile; fileRef = 7162B8DF15B8725F00D79546 /* Menu_BackGround.png */; };
		7162B8EE15B8725F00D79546 /* pagecontrol_off.png in Resources */ = {isa = PBXBuildFile; fileRef = 7162B8E115B8725F00D79546 /* pagecontrol_off.png */; };
		7162B8EF15B8725F00D79546 /* pagecontrol_on.png in Resources */ = {isa = PBXBuildFile; fileRef = 7162B8E215B8725F00D79546 /* pagecontrol_on.png */; };
		7162B92615B87B8500D79546 /* banana1.png in Resources */ = {isa = PBXBuildFile; fileRef = 7162B92515B87B8500D79546 /* banana1.png */; };
		7162B92915B87B9000D79546 /* Button_Start_down.PNG in Resources */ = {isa = PBXBuildFile; fileRef = 7162B92715B87B9000D79546 /* Button_Start_down.PNG */; };
		7162B92A15B87B9000D79546 /* Button_Start_up.png in Resources */ = {isa = PBXBuildFile; fileRef = 7162B92815B87B9000D79546 /* Button_Start_up.png */; };
		7162B93115B87DA000D79546 /* Arrow_left_active.png in Resources */ = {isa = PBXBuildFile; fileRef = 7162B92B15B87D9F00D79546 /* Arrow_left_active.png */; };
		7162B93215B87DA000D79546 /* Arrow_left_hoover.png in Resources */ = {isa = PBXBuildFile; fileRef = 7162B92C15B87D9F00D79546 /* Arrow_left_hoover.png */; };
		7162B93315B87DA000D79546 /* Arrow_left_passive.png in Resources */ = {isa = PBXBuildFile; fileRef = 7162B92D15B87D9F00D79546 /* Arrow_left_passive.png */; };
		7162B93415B87DA000D79546 /* Arrow_right_active.png in Resources */ = {isa = PBXBuildFile; fileRef = 7162B92E15B87D9F00D79546 /* Arrow_right_active.png */; };
		7162B93515B87DA000D79546 /* Arrow_right_hoover.png in Resources */ = {isa = PBXBuildFile; fileRef = 7162B92F15B87D9F00D79546 /* Arrow_right_hoover.png */; };
		7162B93615B87DA000D79546 /* Arrow_right_passive.png in Resources */ = {isa = PBXBuildFile; fileRef = 7162B93015B87D9F00D79546 /* Arrow_right_passive.png */; };
		7162B93915B87E8800D79546 /* MainController.m in Sources */ = {isa = PBXBuildFile; fileRef = 7162B93815B87E8800D79546 /* MainController.m */; };
		716E289415B89CE200E636AE /* name_Nakedbanana.png in Resources */ = {isa = PBXBuildFile; fileRef = 716E289115B89CE200E636AE /* name_Nakedbanana.png */; };
		716E289515B89CE200E636AE /* name_Sailorbanana.png in Resources */ = {isa = PBXBuildFile; fileRef = 716E289215B89CE200E636AE /* name_Sailorbanana.png */; };
		716E289615B89CE200E636AE /* name_Meatbanana.png in Resources */ = {isa = PBXBuildFile; fileRef = 716E289315B89CE200E636AE /* name_Meatbanana.png */; };
		7179E2D315D1A30300B5D1CB /* UIImage+Alpha.m in Sources */ = {isa = PBXBuildFile; fileRef = 7179E2CE15D1A30300B5D1CB /* UIImage+Alpha.m */; };
		7179E2D415D1A30300B5D1CB /* UIImage+Resize.m in Sources */ = {isa = PBXBuildFile; fileRef = 7179E2D015D1A30300B5D1CB /* UIImage+Resize.m */; };
		7179E2D515D1A30300B5D1CB /* UIImage+RoundedCorner.m in Sources */ = {isa = PBXBuildFile; fileRef = 7179E2D215D1A30300B5D1CB /* UIImage+RoundedCorner.m */; };
		7189B35015CC4B01004E09CB /* Gallery_background_innershadow.png in Resources */ = {isa = PBXBuildFile; fileRef = 7189B34B15CC4B01004E09CB /* Gallery_background_innershadow.png */; };
		7189B35115CC4B01004E09CB /* Gallery_background.png in Resources */ = {isa = PBXBuildFile; fileRef = 7189B34C15CC4B01004E09CB /* Gallery_background.png */; };
		7189B35215CC4B01004E09CB /* Gallery_bottom_circle.png in Resources */ = {isa = PBXBuildFile; fileRef = 7189B34D15CC4B01004E09CB /* Gallery_bottom_circle.png */; };
		7189B35315CC4B01004E09CB /* Gallery_circle.png in Resources */ = {isa = PBXBuildFile; fileRef = 7189B34E15CC4B01004E09CB /* Gallery_circle.png */; };
		7189B35415CC4B01004E09CB /* Gallery_top_circle.png in Resources */ = {isa = PBXBuildFile; fileRef = 7189B34F15CC4B01004E09CB /* Gallery_top_circle.png */; };
		71BD50DC1608E25E00A4838E /* Result_face_mask_vertical.png in Resources */ = {isa = PBXBuildFile; fileRef = 71BD50DB1608E25E00A4838E /* Result_face_mask_vertical.png */; };
		71BD50DF1608EB0700A4838E /* CoreImage.framework in Frameworks */ = {isa = PBXBuildFile; fileRef = 71BD50DE1608EB0700A4838E /* CoreImage.framework */; };
		71CD543215BF0F9000736F65 /* Srceen_rules_from_photo.png in Resources */ = {isa = PBXBuildFile; fileRef = 71CD542D15BF0F9000736F65 /* Srceen_rules_from_photo.png */; };
		71CD543315BF0F9000736F65 /* Button_Camera_down.png in Resources */ = {isa = PBXBuildFile; fileRef = 71CD542E15BF0F9000736F65 /* Button_Camera_down.png */; };
		71CD543415BF0F9000736F65 /* Button_Camera_up.png in Resources */ = {isa = PBXBuildFile; fileRef = 71CD542F15BF0F9000736F65 /* Button_Camera_up.png */; };
		71CD543515BF0F9000736F65 /* Button_Gallery_down.png in Resources */ = {isa = PBXBuildFile; fileRef = 71CD543015BF0F9000736F65 /* Button_Gallery_down.png */; };
		71CD543615BF0F9000736F65 /* Button_Gallery_up.png in Resources */ = {isa = PBXBuildFile; fileRef = 71CD543115BF0F9000736F65 /* Button_Gallery_up.png */; };
		71CD543A15BF10F500736F65 /* SourceChooseController.m in Sources */ = {isa = PBXBuildFile; fileRef = 71CD543915BF10F500736F65 /* SourceChooseController.m */; };
		71CD543D15BF11FE00736F65 /* Button_Start_bananing_down.png in Resources */ = {isa = PBXBuildFile; fileRef = 71CD543B15BF11FE00736F65 /* Button_Start_bananing_down.png */; };
		71CD543E15BF11FE00736F65 /* Button_Start_bananing_up.png in Resources */ = {isa = PBXBuildFile; fileRef = 71CD543C15BF11FE00736F65 /* Button_Start_bananing_up.png */; };
		71CD544215BF151900736F65 /* MobileCoreServices.framework in Frameworks */ = {isa = PBXBuildFile; fileRef = 71CD544115BF151900736F65 /* MobileCoreServices.framework */; };
		71CD544615BF170200736F65 /* Camera_grid.png in Resources */ = {isa = PBXBuildFile; fileRef = 71CD544515BF170200736F65 /* Camera_grid.png */; };
		71CD544915BF17A100736F65 /* EditorController.m in Sources */ = {isa = PBXBuildFile; fileRef = 71CD544815BF17A100736F65 /* EditorController.m */; };
		71CD544C15BF298C00736F65 /* Button_Back_down.png in Resources */ = {isa = PBXBuildFile; fileRef = 71CD544A15BF298B00736F65 /* Button_Back_down.png */; };
		71CD544D15BF298C00736F65 /* Button_Back_up.png in Resources */ = {isa = PBXBuildFile; fileRef = 71CD544B15BF298C00736F65 /* Button_Back_up.png */; };
		71CD545115BF2C8B00736F65 /* Tune_chin.png in Resources */ = {isa = PBXBuildFile; fileRef = 71CD544E15BF2C8B00736F65 /* Tune_chin.png */; };
		71CD545215BF2C8B00736F65 /* Tune_eye.png in Resources */ = {isa = PBXBuildFile; fileRef = 71CD544F15BF2C8B00736F65 /* Tune_eye.png */; };
		71CD545315BF2C8B00736F65 /* Tune_mouth.png in Resources */ = {isa = PBXBuildFile; fileRef = 71CD545015BF2C8B00736F65 /* Tune_mouth.png */; };
		71CD545615BF2D9600736F65 /* PlayerController.m in Sources */ = {isa = PBXBuildFile; fileRef = 71CD545515BF2D9600736F65 /* PlayerController.m */; };
		71CD545815BF2DD100736F65 /* MediaPlayer.framework in Frameworks */ = {isa = PBXBuildFile; fileRef = 71CD545715BF2DD100736F65 /* MediaPlayer.framework */; };
		71D70A0815D188BE0059E763 /* mask.png in Resources */ = {isa = PBXBuildFile; fileRef = 71D70A0715D188BD0059E763 /* mask.png */; };
		71D70A0E15D18D040059E763 /* Tunning_circle_zoom.png in Resources */ = {isa = PBXBuildFile; fileRef = 71D70A0D15D18D040059E763 /* Tunning_circle_zoom.png */; };
		71D70A1615D196510059E763 /* Tune_lobuse.png in Resources */ = {isa = PBXBuildFile; fileRef = 71D70A1315D196510059E763 /* Tune_lobuse.png */; };
		71D70A1715D196510059E763 /* Tune_right_ear.png in Resources */ = {isa = PBXBuildFile; fileRef = 71D70A1415D196510059E763 /* Tune_right_ear.png */; };
		71D70A1815D196510059E763 /* Tune_left_ear.png in Resources */ = {isa = PBXBuildFile; fileRef = 71D70A1515D196510059E763 /* Tune_left_ear.png */; };
		71D70A1B15D199730059E763 /* Result_face_mask.png in Resources */ = {isa = PBXBuildFile; fileRef = 71D70A1A15D199730059E763 /* Result_face_mask.png */; };
/* End PBXBuildFile section */

/* Begin PBXFileReference section */
		7108A8CB162F226100A4F174 /* Result_face_mask_vertical.png */ = {isa = PBXFileReference; lastKnownFileType = image.png; path = Result_face_mask_vertical.png; sourceTree = "<group>"; };
		7108A8DD162F2FB600A4F174 /* Naked_banana_dance1.mov */ = {isa = PBXFileReference; lastKnownFileType = video.quicktime; path = Naked_banana_dance1.mov; sourceTree = "<group>"; };
		7122514915D571E60036C13B /* QuartzCore.framework */ = {isa = PBXFileReference; lastKnownFileType = wrapper.framework; name = QuartzCore.framework; path = System/Library/Frameworks/QuartzCore.framework; sourceTree = SDKROOT; };
		7162B8AE15B8674F00D79546 /* Banana Booth.app */ = {isa = PBXFileReference; explicitFileType = wrapper.application; includeInIndex = 0; path = "Banana Booth.app"; sourceTree = BUILT_PRODUCTS_DIR; };
		7162B8B215B8674F00D79546 /* UIKit.framework */ = {isa = PBXFileReference; lastKnownFileType = wrapper.framework; name = UIKit.framework; path = System/Library/Frameworks/UIKit.framework; sourceTree = SDKROOT; };
		7162B8B415B8674F00D79546 /* Foundation.framework */ = {isa = PBXFileReference; lastKnownFileType = wrapper.framework; name = Foundation.framework; path = System/Library/Frameworks/Foundation.framework; sourceTree = SDKROOT; };
		7162B8B615B8674F00D79546 /* CoreGraphics.framework */ = {isa = PBXFileReference; lastKnownFileType = wrapper.framework; name = CoreGraphics.framework; path = System/Library/Frameworks/CoreGraphics.framework; sourceTree = SDKROOT; };
		7162B8BA15B8674F00D79546 /* Banana Booth-Info.plist */ = {isa = PBXFileReference; lastKnownFileType = text.plist.xml; path = "Banana Booth-Info.plist"; sourceTree = "<group>"; };
		7162B8BC15B8674F00D79546 /* en */ = {isa = PBXFileReference; lastKnownFileType = text.plist.strings; name = en; path = en.lproj/InfoPlist.strings; sourceTree = "<group>"; };
		7162B8BE15B8674F00D79546 /* main.m */ = {isa = PBXFileReference; lastKnownFileType = sourcecode.c.objc; path = main.m; sourceTree = "<group>"; };
		7162B8C015B8674F00D79546 /* Banana Booth-Prefix.pch */ = {isa = PBXFileReference; lastKnownFileType = sourcecode.c.h; path = "Banana Booth-Prefix.pch"; sourceTree = "<group>"; };
		7162B8C115B8674F00D79546 /* AppDelegate.h */ = {isa = PBXFileReference; lastKnownFileType = sourcecode.c.h; path = AppDelegate.h; sourceTree = "<group>"; };
		7162B8C215B8674F00D79546 /* AppDelegate.m */ = {isa = PBXFileReference; lastKnownFileType = sourcecode.c.objc; path = AppDelegate.m; sourceTree = "<group>"; };
		7162B8C915B8677F00D79546 /* Default.png */ = {isa = PBXFileReference; lastKnownFileType = image.png; path = Default.png; sourceTree = "<group>"; };
		7162B8CB15B8678400D79546 /* Default@2x.png */ = {isa = PBXFileReference; lastKnownFileType = image.png; path = "Default@2x.png"; sourceTree = "<group>"; };
		7162B8CD15B867DB00D79546 /* 57.png */ = {isa = PBXFileReference; lastKnownFileType = image.png; path = 57.png; sourceTree = "<group>"; };
		7162B8CF15B867E000D79546 /* 114.png */ = {isa = PBXFileReference; lastKnownFileType = image.png; path = 114.png; sourceTree = "<group>"; };
		7162B8D115B8681800D79546 /* Storyboard.storyboard */ = {isa = PBXFileReference; fileEncoding = 4; lastKnownFileType = file.storyboard; path = Storyboard.storyboard; sourceTree = "<group>"; };
		7162B8DC15B8725F00D79546 /* banana2.png */ = {isa = PBXFileReference; lastKnownFileType = image.png; path = banana2.png; sourceTree = "<group>"; };
		7162B8DD15B8725F00D79546 /* banana3.png */ = {isa = PBXFileReference; lastKnownFileType = image.png; path = banana3.png; sourceTree = "<group>"; };
		7162B8DE15B8725F00D79546 /* Footer_standart.png */ = {isa = PBXFileReference; lastKnownFileType = image.png; path = Footer_standart.png; sourceTree = "<group>"; };
		7162B8DF15B8725F00D79546 /* Menu_BackGround.png */ = {isa = PBXFileReference; lastKnownFileType = image.png; path = Menu_BackGround.png; sourceTree = "<group>"; };
		7162B8E115B8725F00D79546 /* pagecontrol_off.png */ = {isa = PBXFileReference; lastKnownFileType = image.png; path = pagecontrol_off.png; sourceTree = "<group>"; };
		7162B8E215B8725F00D79546 /* pagecontrol_on.png */ = {isa = PBXFileReference; lastKnownFileType = image.png; path = pagecontrol_on.png; sourceTree = "<group>"; };
		7162B92515B87B8500D79546 /* banana1.png */ = {isa = PBXFileReference; lastKnownFileType = image.png; path = banana1.png; sourceTree = "<group>"; };
		7162B92715B87B9000D79546 /* Button_Start_down.PNG */ = {isa = PBXFileReference; lastKnownFileType = image.png; path = Button_Start_down.PNG; sourceTree = "<group>"; };
		7162B92815B87B9000D79546 /* Button_Start_up.png */ = {isa = PBXFileReference; lastKnownFileType = image.png; path = Button_Start_up.png; sourceTree = "<group>"; };
		7162B92B15B87D9F00D79546 /* Arrow_left_active.png */ = {isa = PBXFileReference; lastKnownFileType = image.png; path = Arrow_left_active.png; sourceTree = "<group>"; };
		7162B92C15B87D9F00D79546 /* Arrow_left_hoover.png */ = {isa = PBXFileReference; lastKnownFileType = image.png; path = Arrow_left_hoover.png; sourceTree = "<group>"; };
		7162B92D15B87D9F00D79546 /* Arrow_left_passive.png */ = {isa = PBXFileReference; lastKnownFileType = image.png; path = Arrow_left_passive.png; sourceTree = "<group>"; };
		7162B92E15B87D9F00D79546 /* Arrow_right_active.png */ = {isa = PBXFileReference; lastKnownFileType = image.png; path = Arrow_right_active.png; sourceTree = "<group>"; };
		7162B92F15B87D9F00D79546 /* Arrow_right_hoover.png */ = {isa = PBXFileReference; lastKnownFileType = image.png; path = Arrow_right_hoover.png; sourceTree = "<group>"; };
		7162B93015B87D9F00D79546 /* Arrow_right_passive.png */ = {isa = PBXFileReference; lastKnownFileType = image.png; path = Arrow_right_passive.png; sourceTree = "<group>"; };
		7162B93715B87E8800D79546 /* MainController.h */ = {isa = PBXFileReference; fileEncoding = 4; lastKnownFileType = sourcecode.c.h; path = MainController.h; sourceTree = "<group>"; };
		7162B93815B87E8800D79546 /* MainController.m */ = {isa = PBXFileReference; fileEncoding = 4; lastKnownFileType = sourcecode.c.objc; path = MainController.m; sourceTree = "<group>"; };
		716E289115B89CE200E636AE /* name_Nakedbanana.png */ = {isa = PBXFileReference; lastKnownFileType = image.png; path = name_Nakedbanana.png; sourceTree = "<group>"; };
		716E289215B89CE200E636AE /* name_Sailorbanana.png */ = {isa = PBXFileReference; lastKnownFileType = image.png; path = name_Sailorbanana.png; sourceTree = "<group>"; };
		716E289315B89CE200E636AE /* name_Meatbanana.png */ = {isa = PBXFileReference; lastKnownFileType = image.png; path = name_Meatbanana.png; sourceTree = "<group>"; };
		7179E2CD15D1A30300B5D1CB /* UIImage+Alpha.h */ = {isa = PBXFileReference; fileEncoding = 4; lastKnownFileType = sourcecode.c.h; path = "UIImage+Alpha.h"; sourceTree = "<group>"; };
		7179E2CE15D1A30300B5D1CB /* UIImage+Alpha.m */ = {isa = PBXFileReference; fileEncoding = 4; lastKnownFileType = sourcecode.c.objc; path = "UIImage+Alpha.m"; sourceTree = "<group>"; };
		7179E2CF15D1A30300B5D1CB /* UIImage+Resize.h */ = {isa = PBXFileReference; fileEncoding = 4; lastKnownFileType = sourcecode.c.h; path = "UIImage+Resize.h"; sourceTree = "<group>"; };
		7179E2D015D1A30300B5D1CB /* UIImage+Resize.m */ = {isa = PBXFileReference; fileEncoding = 4; lastKnownFileType = sourcecode.c.objc; path = "UIImage+Resize.m"; sourceTree = "<group>"; };
		7179E2D115D1A30300B5D1CB /* UIImage+RoundedCorner.h */ = {isa = PBXFileReference; fileEncoding = 4; lastKnownFileType = sourcecode.c.h; path = "UIImage+RoundedCorner.h"; sourceTree = "<group>"; };
		7179E2D215D1A30300B5D1CB /* UIImage+RoundedCorner.m */ = {isa = PBXFileReference; fileEncoding = 4; lastKnownFileType = sourcecode.c.objc; path = "UIImage+RoundedCorner.m"; sourceTree = "<group>"; };
		7189B34B15CC4B01004E09CB /* Gallery_background_innershadow.png */ = {isa = PBXFileReference; lastKnownFileType = image.png; path = Gallery_background_innershadow.png; sourceTree = "<group>"; };
		7189B34C15CC4B01004E09CB /* Gallery_background.png */ = {isa = PBXFileReference; lastKnownFileType = image.png; path = Gallery_background.png; sourceTree = "<group>"; };
		7189B34D15CC4B01004E09CB /* Gallery_bottom_circle.png */ = {isa = PBXFileReference; lastKnownFileType = image.png; path = Gallery_bottom_circle.png; sourceTree = "<group>"; };
		7189B34E15CC4B01004E09CB /* Gallery_circle.png */ = {isa = PBXFileReference; lastKnownFileType = image.png; path = Gallery_circle.png; sourceTree = "<group>"; };
		7189B34F15CC4B01004E09CB /* Gallery_top_circle.png */ = {isa = PBXFileReference; lastKnownFileType = image.png; path = Gallery_top_circle.png; sourceTree = "<group>"; };
		71BD50DB1608E25E00A4838E /* Result_face_mask_vertical.png */ = {isa = PBXFileReference; lastKnownFileType = image.png; name = Result_face_mask_vertical.png; path = ../../Downloads/Result_face_mask_vertical.png; sourceTree = "<group>"; };
		71BD50DE1608EB0700A4838E /* CoreImage.framework */ = {isa = PBXFileReference; lastKnownFileType = wrapper.framework; name = CoreImage.framework; path = System/Library/Frameworks/CoreImage.framework; sourceTree = SDKROOT; };
		71CD542D15BF0F9000736F65 /* Srceen_rules_from_photo.png */ = {isa = PBXFileReference; lastKnownFileType = image.png; path = Srceen_rules_from_photo.png; sourceTree = "<group>"; };
		71CD542E15BF0F9000736F65 /* Button_Camera_down.png */ = {isa = PBXFileReference; lastKnownFileType = image.png; path = Button_Camera_down.png; sourceTree = "<group>"; };
		71CD542F15BF0F9000736F65 /* Button_Camera_up.png */ = {isa = PBXFileReference; lastKnownFileType = image.png; path = Button_Camera_up.png; sourceTree = "<group>"; };
		71CD543015BF0F9000736F65 /* Button_Gallery_down.png */ = {isa = PBXFileReference; lastKnownFileType = image.png; path = Button_Gallery_down.png; sourceTree = "<group>"; };
		71CD543115BF0F9000736F65 /* Button_Gallery_up.png */ = {isa = PBXFileReference; lastKnownFileType = image.png; path = Button_Gallery_up.png; sourceTree = "<group>"; };
		71CD543815BF10F500736F65 /* SourceChooseController.h */ = {isa = PBXFileReference; fileEncoding = 4; lastKnownFileType = sourcecode.c.h; path = SourceChooseController.h; sourceTree = "<group>"; };
		71CD543915BF10F500736F65 /* SourceChooseController.m */ = {isa = PBXFileReference; fileEncoding = 4; lastKnownFileType = sourcecode.c.objc; path = SourceChooseController.m; sourceTree = "<group>"; };
		71CD543B15BF11FE00736F65 /* Button_Start_bananing_down.png */ = {isa = PBXFileReference; lastKnownFileType = image.png; path = Button_Start_bananing_down.png; sourceTree = "<group>"; };
		71CD543C15BF11FE00736F65 /* Button_Start_bananing_up.png */ = {isa = PBXFileReference; lastKnownFileType = image.png; path = Button_Start_bananing_up.png; sourceTree = "<group>"; };
		71CD544115BF151900736F65 /* MobileCoreServices.framework */ = {isa = PBXFileReference; lastKnownFileType = wrapper.framework; name = MobileCoreServices.framework; path = System/Library/Frameworks/MobileCoreServices.framework; sourceTree = SDKROOT; };
		71CD544515BF170200736F65 /* Camera_grid.png */ = {isa = PBXFileReference; lastKnownFileType = image.png; path = Camera_grid.png; sourceTree = "<group>"; };
		71CD544715BF17A100736F65 /* EditorController.h */ = {isa = PBXFileReference; fileEncoding = 4; lastKnownFileType = sourcecode.c.h; path = EditorController.h; sourceTree = "<group>"; };
		71CD544815BF17A100736F65 /* EditorController.m */ = {isa = PBXFileReference; fileEncoding = 4; lastKnownFileType = sourcecode.c.objc; path = EditorController.m; sourceTree = "<group>"; };
		71CD544A15BF298B00736F65 /* Button_Back_down.png */ = {isa = PBXFileReference; lastKnownFileType = image.png; path = Button_Back_down.png; sourceTree = "<group>"; };
		71CD544B15BF298C00736F65 /* Button_Back_up.png */ = {isa = PBXFileReference; lastKnownFileType = image.png; path = Button_Back_up.png; sourceTree = "<group>"; };
		71CD544E15BF2C8B00736F65 /* Tune_chin.png */ = {isa = PBXFileReference; lastKnownFileType = image.png; path = Tune_chin.png; sourceTree = "<group>"; };
		71CD544F15BF2C8B00736F65 /* Tune_eye.png */ = {isa = PBXFileReference; lastKnownFileType = image.png; path = Tune_eye.png; sourceTree = "<group>"; };
		71CD545015BF2C8B00736F65 /* Tune_mouth.png */ = {isa = PBXFileReference; lastKnownFileType = image.png; path = Tune_mouth.png; sourceTree = "<group>"; };
		71CD545415BF2D9600736F65 /* PlayerController.h */ = {isa = PBXFileReference; fileEncoding = 4; lastKnownFileType = sourcecode.c.h; path = PlayerController.h; sourceTree = "<group>"; };
		71CD545515BF2D9600736F65 /* PlayerController.m */ = {isa = PBXFileReference; fileEncoding = 4; lastKnownFileType = sourcecode.c.objc; path = PlayerController.m; sourceTree = "<group>"; };
		71CD545715BF2DD100736F65 /* MediaPlayer.framework */ = {isa = PBXFileReference; lastKnownFileType = wrapper.framework; name = MediaPlayer.framework; path = System/Library/Frameworks/MediaPlayer.framework; sourceTree = SDKROOT; };
		71D70A0715D188BD0059E763 /* mask.png */ = {isa = PBXFileReference; lastKnownFileType = image.png; path = mask.png; sourceTree = "<group>"; };
		71D70A0D15D18D040059E763 /* Tunning_circle_zoom.png */ = {isa = PBXFileReference; lastKnownFileType = image.png; path = Tunning_circle_zoom.png; sourceTree = "<group>"; };
		71D70A1315D196510059E763 /* Tune_lobuse.png */ = {isa = PBXFileReference; lastKnownFileType = image.png; path = Tune_lobuse.png; sourceTree = "<group>"; };
		71D70A1415D196510059E763 /* Tune_right_ear.png */ = {isa = PBXFileReference; lastKnownFileType = image.png; path = Tune_right_ear.png; sourceTree = "<group>"; };
		71D70A1515D196510059E763 /* Tune_left_ear.png */ = {isa = PBXFileReference; lastKnownFileType = image.png; path = Tune_left_ear.png; sourceTree = "<group>"; };
		71D70A1A15D199730059E763 /* Result_face_mask.png */ = {isa = PBXFileReference; lastKnownFileType = image.png; path = Result_face_mask.png; sourceTree = "<group>"; };
/* End PBXFileReference section */

/* Begin PBXFrameworksBuildPhase section */
		7162B8AB15B8674F00D79546 /* Frameworks */ = {
			isa = PBXFrameworksBuildPhase;
			buildActionMask = 2147483647;
			files = (
				71BD50DF1608EB0700A4838E /* CoreImage.framework in Frameworks */,
				7122514A15D571E60036C13B /* QuartzCore.framework in Frameworks */,
				71CD545815BF2DD100736F65 /* MediaPlayer.framework in Frameworks */,
				71CD544215BF151900736F65 /* MobileCoreServices.framework in Frameworks */,
				7162B8B315B8674F00D79546 /* UIKit.framework in Frameworks */,
				7162B8B515B8674F00D79546 /* Foundation.framework in Frameworks */,
				7162B8B715B8674F00D79546 /* CoreGraphics.framework in Frameworks */,
			);
			runOnlyForDeploymentPostprocessing = 0;
		};
/* End PBXFrameworksBuildPhase section */

/* Begin PBXGroup section */
		7162B8A315B8674F00D79546 = {
			isa = PBXGroup;
			children = (
				71BD50DE1608EB0700A4838E /* CoreImage.framework */,
				7122514915D571E60036C13B /* QuartzCore.framework */,
				7162B8F515B8727300D79546 /* Images */,
				7162B8B815B8674F00D79546 /* Banana Booth */,
				7162B8B115B8674F00D79546 /* Frameworks */,
				7162B8AF15B8674F00D79546 /* Products */,
			);
			sourceTree = "<group>";
		};
		7162B8AF15B8674F00D79546 /* Products */ = {
			isa = PBXGroup;
			children = (
				7162B8AE15B8674F00D79546 /* Banana Booth.app */,
			);
			name = Products;
			sourceTree = "<group>";
		};
		7162B8B115B8674F00D79546 /* Frameworks */ = {
			isa = PBXGroup;
			children = (
				71CD545715BF2DD100736F65 /* MediaPlayer.framework */,
				71CD544115BF151900736F65 /* MobileCoreServices.framework */,
				7162B8B215B8674F00D79546 /* UIKit.framework */,
				7162B8B415B8674F00D79546 /* Foundation.framework */,
				7162B8B615B8674F00D79546 /* CoreGraphics.framework */,
			);
			name = Frameworks;
			sourceTree = "<group>";
		};
		7162B8B815B8674F00D79546 /* Banana Booth */ = {
			isa = PBXGroup;
			children = (
				7179E2CC15D1A30300B5D1CB /* UIImage-categories */,
				7162B8C115B8674F00D79546 /* AppDelegate.h */,
				7162B8C215B8674F00D79546 /* AppDelegate.m */,
				7162B93715B87E8800D79546 /* MainController.h */,
				7162B93815B87E8800D79546 /* MainController.m */,
				7162B8B915B8674F00D79546 /* Supporting Files */,
				71CD543815BF10F500736F65 /* SourceChooseController.h */,
				71CD543915BF10F500736F65 /* SourceChooseController.m */,
				71CD544715BF17A100736F65 /* EditorController.h */,
				71CD544815BF17A100736F65 /* EditorController.m */,
				71CD545415BF2D9600736F65 /* PlayerController.h */,
				71CD545515BF2D9600736F65 /* PlayerController.m */,
			);
			path = "Banana Booth";
			sourceTree = "<group>";
		};
		7162B8B915B8674F00D79546 /* Supporting Files */ = {
			isa = PBXGroup;
			children = (
				7162B8BA15B8674F00D79546 /* Banana Booth-Info.plist */,
				7162B8BB15B8674F00D79546 /* InfoPlist.strings */,
				7162B8BE15B8674F00D79546 /* main.m */,
				7162B8C015B8674F00D79546 /* Banana Booth-Prefix.pch */,
				7162B8D115B8681800D79546 /* Storyboard.storyboard */,
			);
			name = "Supporting Files";
			sourceTree = "<group>";
		};
		7162B8F515B8727300D79546 /* Images */ = {
			isa = PBXGroup;
			children = (
				7108A8CB162F226100A4F174 /* Result_face_mask_vertical.png */,
				7162B92515B87B8500D79546 /* banana1.png */,
				7162B8DC15B8725F00D79546 /* banana2.png */,
				7162B8DD15B8725F00D79546 /* banana3.png */,
				7162B8DE15B8725F00D79546 /* Footer_standart.png */,
				7162B8DF15B8725F00D79546 /* Menu_BackGround.png */,
				7162B92715B87B9000D79546 /* Button_Start_down.PNG */,
				7162B92815B87B9000D79546 /* Button_Start_up.png */,
				716E289115B89CE200E636AE /* name_Nakedbanana.png */,
				716E289215B89CE200E636AE /* name_Sailorbanana.png */,
				716E289315B89CE200E636AE /* name_Meatbanana.png */,
				7189B34B15CC4B01004E09CB /* Gallery_background_innershadow.png */,
				7189B34C15CC4B01004E09CB /* Gallery_background.png */,
				7189B34D15CC4B01004E09CB /* Gallery_bottom_circle.png */,
				7189B34E15CC4B01004E09CB /* Gallery_circle.png */,
				7189B34F15CC4B01004E09CB /* Gallery_top_circle.png */,
				7162B8E115B8725F00D79546 /* pagecontrol_off.png */,
				7162B8E215B8725F00D79546 /* pagecontrol_on.png */,
				7162B92B15B87D9F00D79546 /* Arrow_left_active.png */,
				7162B92C15B87D9F00D79546 /* Arrow_left_hoover.png */,
				7162B92D15B87D9F00D79546 /* Arrow_left_passive.png */,
				7162B92E15B87D9F00D79546 /* Arrow_right_active.png */,
				7162B92F15B87D9F00D79546 /* Arrow_right_hoover.png */,
				7162B93015B87D9F00D79546 /* Arrow_right_passive.png */,
				71CD542D15BF0F9000736F65 /* Srceen_rules_from_photo.png */,
				71CD542E15BF0F9000736F65 /* Button_Camera_down.png */,
				71CD542F15BF0F9000736F65 /* Button_Camera_up.png */,
				71CD543015BF0F9000736F65 /* Button_Gallery_down.png */,
				71CD543115BF0F9000736F65 /* Button_Gallery_up.png */,
				71CD543B15BF11FE00736F65 /* Button_Start_bananing_down.png */,
				71CD543C15BF11FE00736F65 /* Button_Start_bananing_up.png */,
				71D70A0D15D18D040059E763 /* Tunning_circle_zoom.png */,
				71CD544515BF170200736F65 /* Camera_grid.png */,
				71D70A1315D196510059E763 /* Tune_lobuse.png */,
				71D70A1415D196510059E763 /* Tune_right_ear.png */,
				71D70A1515D196510059E763 /* Tune_left_ear.png */,
				71CD544A15BF298B00736F65 /* Button_Back_down.png */,
				71D70A0715D188BD0059E763 /* mask.png */,
				71D70A1A15D199730059E763 /* Result_face_mask.png */,
				71CD544B15BF298C00736F65 /* Button_Back_up.png */,
				71CD544E15BF2C8B00736F65 /* Tune_chin.png */,
				71CD544F15BF2C8B00736F65 /* Tune_eye.png */,
				71BD50DB1608E25E00A4838E /* Result_face_mask_vertical.png */,
				7108A8DD162F2FB600A4F174 /* Naked_banana_dance1.mov */,
				71CD545015BF2C8B00736F65 /* Tune_mouth.png */,
				7162B8CF15B867E000D79546 /* 114.png */,
				7162B8CD15B867DB00D79546 /* 57.png */,
				7162B8CB15B8678400D79546 /* Default@2x.png */,
				7162B8C915B8677F00D79546 /* Default.png */,
			);
			name = Images;
			sourceTree = "<group>";
		};
		7179E2CC15D1A30300B5D1CB /* UIImage-categories */ = {
			isa = PBXGroup;
			children = (
				7179E2CD15D1A30300B5D1CB /* UIImage+Alpha.h */,
				7179E2CE15D1A30300B5D1CB /* UIImage+Alpha.m */,
				7179E2CF15D1A30300B5D1CB /* UIImage+Resize.h */,
				7179E2D015D1A30300B5D1CB /* UIImage+Resize.m */,
				7179E2D115D1A30300B5D1CB /* UIImage+RoundedCorner.h */,
				7179E2D215D1A30300B5D1CB /* UIImage+RoundedCorner.m */,
			);
			path = "UIImage-categories";
			sourceTree = "<group>";
		};
/* End PBXGroup section */

/* Begin PBXNativeTarget section */
		7162B8AD15B8674F00D79546 /* Banana Booth */ = {
			isa = PBXNativeTarget;
			buildConfigurationList = 7162B8C615B8674F00D79546 /* Build configuration list for PBXNativeTarget "Banana Booth" */;
			buildPhases = (
				7162B8AA15B8674F00D79546 /* Sources */,
				7162B8AB15B8674F00D79546 /* Frameworks */,
				7162B8AC15B8674F00D79546 /* Resources */,
			);
			buildRules = (
			);
			dependencies = (
			);
			name = "Banana Booth";
			productName = "Banana Booth";
			productReference = 7162B8AE15B8674F00D79546 /* Banana Booth.app */;
			productType = "com.apple.product-type.application";
		};
/* End PBXNativeTarget section */

/* Begin PBXProject section */
		7162B8A515B8674F00D79546 /* Project object */ = {
			isa = PBXProject;
			attributes = {
				LastUpgradeCheck = 0450;
				ORGANIZATIONNAME = Unteleported;
			};
			buildConfigurationList = 7162B8A815B8674F00D79546 /* Build configuration list for PBXProject "Banana Booth" */;
			compatibilityVersion = "Xcode 3.2";
			developmentRegion = English;
			hasScannedForEncodings = 0;
			knownRegions = (
				en,
			);
			mainGroup = 7162B8A315B8674F00D79546;
			productRefGroup = 7162B8AF15B8674F00D79546 /* Products */;
			projectDirPath = "";
			projectRoot = "";
			targets = (
				7162B8AD15B8674F00D79546 /* Banana Booth */,
			);
		};
/* End PBXProject section */

/* Begin PBXResourcesBuildPhase section */
		7162B8AC15B8674F00D79546 /* Resources */ = {
			isa = PBXResourcesBuildPhase;
			buildActionMask = 2147483647;
			files = (
				7162B8BD15B8674F00D79546 /* InfoPlist.strings in Resources */,
				7162B8CA15B8677F00D79546 /* Default.png in Resources */,
				7162B8CC15B8678400D79546 /* Default@2x.png in Resources */,
				7162B8CE15B867DB00D79546 /* 57.png in Resources */,
				7162B8D015B867E000D79546 /* 114.png in Resources */,
				7162B8D215B8681800D79546 /* Storyboard.storyboard in Resources */,
				7162B8E915B8725F00D79546 /* banana2.png in Resources */,
				7162B8EA15B8725F00D79546 /* banana3.png in Resources */,
				7162B8EB15B8725F00D79546 /* Footer_standart.png in Resources */,
				7162B8EC15B8725F00D79546 /* Menu_BackGround.png in Resources */,
				7162B8EE15B8725F00D79546 /* pagecontrol_off.png in Resources */,
				7162B8EF15B8725F00D79546 /* pagecontrol_on.png in Resources */,
				7162B92615B87B8500D79546 /* banana1.png in Resources */,
				7162B92915B87B9000D79546 /* Button_Start_down.PNG in Resources */,
				7162B92A15B87B9000D79546 /* Button_Start_up.png in Resources */,
				7162B93115B87DA000D79546 /* Arrow_left_active.png in Resources */,
				7162B93215B87DA000D79546 /* Arrow_left_hoover.png in Resources */,
				7162B93315B87DA000D79546 /* Arrow_left_passive.png in Resources */,
				7162B93415B87DA000D79546 /* Arrow_right_active.png in Resources */,
				7162B93515B87DA000D79546 /* Arrow_right_hoover.png in Resources */,
				7162B93615B87DA000D79546 /* Arrow_right_passive.png in Resources */,
				716E289415B89CE200E636AE /* name_Nakedbanana.png in Resources */,
				716E289515B89CE200E636AE /* name_Sailorbanana.png in Resources */,
				716E289615B89CE200E636AE /* name_Meatbanana.png in Resources */,
				71CD543215BF0F9000736F65 /* Srceen_rules_from_photo.png in Resources */,
				71CD543315BF0F9000736F65 /* Button_Camera_down.png in Resources */,
				71CD543415BF0F9000736F65 /* Button_Camera_up.png in Resources */,
				71CD543515BF0F9000736F65 /* Button_Gallery_down.png in Resources */,
				71CD543615BF0F9000736F65 /* Button_Gallery_up.png in Resources */,
				71CD543D15BF11FE00736F65 /* Button_Start_bananing_down.png in Resources */,
				71CD543E15BF11FE00736F65 /* Button_Start_bananing_up.png in Resources */,
				71CD544615BF170200736F65 /* Camera_grid.png in Resources */,
				71CD544C15BF298C00736F65 /* Button_Back_down.png in Resources */,
				71CD544D15BF298C00736F65 /* Button_Back_up.png in Resources */,
				71CD545115BF2C8B00736F65 /* Tune_chin.png in Resources */,
				71CD545215BF2C8B00736F65 /* Tune_eye.png in Resources */,
				71CD545315BF2C8B00736F65 /* Tune_mouth.png in Resources */,
				7189B35015CC4B01004E09CB /* Gallery_background_innershadow.png in Resources */,
				7189B35115CC4B01004E09CB /* Gallery_background.png in Resources */,
				7189B35215CC4B01004E09CB /* Gallery_bottom_circle.png in Resources */,
				7189B35315CC4B01004E09CB /* Gallery_circle.png in Resources */,
				7189B35415CC4B01004E09CB /* Gallery_top_circle.png in Resources */,
				71D70A0815D188BE0059E763 /* mask.png in Resources */,
				71D70A0E15D18D040059E763 /* Tunning_circle_zoom.png in Resources */,
				71D70A1615D196510059E763 /* Tune_lobuse.png in Resources */,
				71D70A1715D196510059E763 /* Tune_right_ear.png in Resources */,
				71D70A1815D196510059E763 /* Tune_left_ear.png in Resources */,
				71D70A1B15D199730059E763 /* Result_face_mask.png in Resources */,
				71BD50DC1608E25E00A4838E /* Result_face_mask_vertical.png in Resources */,
				7108A8CC162F226100A4F174 /* Result_face_mask_vertical.png in Resources */,
				7108A8DE162F2FB600A4F174 /* Naked_banana_dance1.mov in Resources */,
			);
			runOnlyForDeploymentPostprocessing = 0;
		};
/* End PBXResourcesBuildPhase section */

/* Begin PBXSourcesBuildPhase section */
		7162B8AA15B8674F00D79546 /* Sources */ = {
			isa = PBXSourcesBuildPhase;
			buildActionMask = 2147483647;
			files = (
				7162B8BF15B8674F00D79546 /* main.m in Sources */,
				7162B8C315B8674F00D79546 /* AppDelegate.m in Sources */,
				7162B93915B87E8800D79546 /* MainController.m in Sources */,
				71CD543A15BF10F500736F65 /* SourceChooseController.m in Sources */,
				71CD544915BF17A100736F65 /* EditorController.m in Sources */,
				71CD545615BF2D9600736F65 /* PlayerController.m in Sources */,
				7179E2D315D1A30300B5D1CB /* UIImage+Alpha.m in Sources */,
				7179E2D415D1A30300B5D1CB /* UIImage+Resize.m in Sources */,
				7179E2D515D1A30300B5D1CB /* UIImage+RoundedCorner.m in Sources */,
			);
			runOnlyForDeploymentPostprocessing = 0;
		};
/* End PBXSourcesBuildPhase section */

/* Begin PBXVariantGroup section */
		7162B8BB15B8674F00D79546 /* InfoPlist.strings */ = {
			isa = PBXVariantGroup;
			children = (
				7162B8BC15B8674F00D79546 /* en */,
			);
			name = InfoPlist.strings;
			sourceTree = "<group>";
		};
/* End PBXVariantGroup section */

/* Begin XCBuildConfiguration section */
		7162B8C415B8674F00D79546 /* Debug */ = {
			isa = XCBuildConfiguration;
			buildSettings = {
				ALWAYS_SEARCH_USER_PATHS = NO;
				CLANG_CXX_LANGUAGE_STANDARD = "gnu++0x";
				CLANG_ENABLE_OBJC_ARC = YES;
				CLANG_WARN__DUPLICATE_METHOD_MATCH = YES;
				"CODE_SIGN_IDENTITY[sdk=iphoneos*]" = "iPhone Developer";
				COPY_PHASE_STRIP = NO;
				GCC_C_LANGUAGE_STANDARD = gnu99;
				GCC_DYNAMIC_NO_PIC = NO;
				GCC_OPTIMIZATION_LEVEL = 0;
				GCC_PREPROCESSOR_DEFINITIONS = (
					"DEBUG=1",
					"$(inherited)",
				);
				GCC_SYMBOLS_PRIVATE_EXTERN = NO;
				GCC_WARN_ABOUT_RETURN_TYPE = YES;
				GCC_WARN_UNINITIALIZED_AUTOS = YES;
				GCC_WARN_UNUSED_VARIABLE = YES;
				IPHONEOS_DEPLOYMENT_TARGET = 6.0;
				SDKROOT = iphoneos;
			};
			name = Debug;
		};
		7162B8C515B8674F00D79546 /* Release */ = {
			isa = XCBuildConfiguration;
			buildSettings = {
				ALWAYS_SEARCH_USER_PATHS = NO;
				CLANG_CXX_LANGUAGE_STANDARD = "gnu++0x";
				CLANG_ENABLE_OBJC_ARC = YES;
				CLANG_WARN__DUPLICATE_METHOD_MATCH = YES;
				"CODE_SIGN_IDENTITY[sdk=iphoneos*]" = "iPhone Developer";
				COPY_PHASE_STRIP = YES;
				GCC_C_LANGUAGE_STANDARD = gnu99;
				GCC_WARN_ABOUT_RETURN_TYPE = YES;
				GCC_WARN_UNINITIALIZED_AUTOS = YES;
				GCC_WARN_UNUSED_VARIABLE = YES;
				IPHONEOS_DEPLOYMENT_TARGET = 6.0;
				OTHER_CFLAGS = "-DNS_BLOCK_ASSERTIONS=1";
				SDKROOT = iphoneos;
				VALIDATE_PRODUCT = YES;
			};
			name = Release;
		};
		7162B8C715B8674F00D79546 /* Debug */ = {
			isa = XCBuildConfiguration;
			buildSettings = {
				GCC_PRECOMPILE_PREFIX_HEADER = YES;
				GCC_PREFIX_HEADER = "Banana Booth/Banana Booth-Prefix.pch";
				INFOPLIST_FILE = "Banana Booth/Banana Booth-Info.plist";
				IPHONEOS_DEPLOYMENT_TARGET = 5.0;
				PRODUCT_NAME = "$(TARGET_NAME)";
				WRAPPER_EXTENSION = app;
			};
			name = Debug;
		};
		7162B8C815B8674F00D79546 /* Release */ = {
			isa = XCBuildConfiguration;
			buildSettings = {
				GCC_PRECOMPILE_PREFIX_HEADER = YES;
				GCC_PREFIX_HEADER = "Banana Booth/Banana Booth-Prefix.pch";
				INFOPLIST_FILE = "Banana Booth/Banana Booth-Info.plist";
				IPHONEOS_DEPLOYMENT_TARGET = 5.0;
				PRODUCT_NAME = "$(TARGET_NAME)";
				WRAPPER_EXTENSION = app;
			};
			name = Release;
		};
/* End XCBuildConfiguration section */

/* Begin XCConfigurationList section */
		7162B8A815B8674F00D79546 /* Build configuration list for PBXProject "Banana Booth" */ = {
			isa = XCConfigurationList;
			buildConfigurations = (
				7162B8C415B8674F00D79546 /* Debug */,
				7162B8C515B8674F00D79546 /* Release */,
			);
			defaultConfigurationIsVisible = 0;
			defaultConfigurationName = Release;
		};
		7162B8C615B8674F00D79546 /* Build configuration list for PBXNativeTarget "Banana Booth" */ = {
			isa = XCConfigurationList;
			buildConfigurations = (
				7162B8C715B8674F00D79546 /* Debug */,
				7162B8C815B8674F00D79546 /* Release */,
			);
			defaultConfigurationIsVisible = 0;
			defaultConfigurationName = Release;
		};
/* End XCConfigurationList section */
	};
	rootObject = 7162B8A515B8674F00D79546 /* Project object */;
}
